
Microsoft Visual Studio Solution File, Format Version 12.00
# Visual Studio Version 16
VisualStudioVersion = 16.0.33927.289
MinimumVisualStudioVersion = 10.0.40219.1
Project("{2150E333-8FDC-42A3-9474-1A3956D46DE8}") = "Task0", "Task0", "{8B913CC7-3CC7-49FD-A2AD-C291126B8EA9}"
EndProject
Project("{FAE04EC0-301F-11D3-BF4B-00C04F79EFBC}") = "Tyuiu.BotterVV.Sprint3.Task0.V16", "Tyuiu.BotterVV.Sprint3.Task0.V16\Tyuiu.BotterVV.Sprint3.Task0.V16.csproj", "{A8A8AE09-E0CD-425C-8B1C-29F9C2436771}"
EndProject
Project("{FAE04EC0-301F-11D3-BF4B-00C04F79EFBC}") = "Tyuiu.BotterVV.Sprint3.Task0.V16.Lib", "Tyuiu.BotterVV.Sprint3.Task0.V16.Lib\Tyuiu.BotterVV.Sprint3.Task0.V16.Lib.csproj", "{2EEC2D23-4A71-4DDE-AE82-8E903E0D8EF3}"
EndProject
Project("{FAE04EC0-301F-11D3-BF4B-00C04F79EFBC}") = "Tyuiu.BotterVV.Sprint3.Task0.V16.Test", "Tyuiu.BotterVV.Sprint3.Task0.V16.Test\Tyuiu.BotterVV.Sprint3.Task0.V16.Test.csproj", "{91BC392E-EF15-4442-AE35-12811515B609}"
EndProject
Project("{2150E333-8FDC-42A3-9474-1A3956D46DE8}") = "Task1", "Task1", "{F600E925-F743-451F-9588-71AB255AE5C3}"
EndProject
Project("{FAE04EC0-301F-11D3-BF4B-00C04F79EFBC}") = "Tyuiu.BotterVV.Sprint3.Task1.V15", "Tyuiu.BotterVV.Sprint3.Task1.V15\Tyuiu.BotterVV.Sprint3.Task1.V15.csproj", "{FAD9391C-08F9-4EF2-8AA5-28D82F3A1146}"
EndProject
Project("{FAE04EC0-301F-11D3-BF4B-00C04F79EFBC}") = "Tyuiu.BotterVV.Sprint3.Task1.V15.Test", "Tyuiu.BotterVV.Sprint3.Task1.V15.Test\Tyuiu.BotterVV.Sprint3.Task1.V15.Test.csproj", "{FE3BFF7C-6A77-44A0-968F-47A364FBB198}"
EndProject
Project("{FAE04EC0-301F-11D3-BF4B-00C04F79EFBC}") = "Tyuiu.BotterVV.Sprint3.Task1.V15.Lib", "Tyuiu.BotterVV.Sprint3.Task1.V15.Lib\Tyuiu.BotterVV.Sprint3.Task1.V15.Lib.csproj", "{0095ECBF-1A9D-4CF1-A397-A4FA5EBC579A}"
EndProject
Project("{2150E333-8FDC-42A3-9474-1A3956D46DE8}") = "Task2", "Task2", "{CF2B0EF6-671A-4EEF-B3E8-5D2AA6439F15}"
EndProject
Project("{FAE04EC0-301F-11D3-BF4B-00C04F79EFBC}") = "Tyuiu.BotterVV.Sprint3.Task2.V4", "Tyuiu.BotterVV.Sprint3.Task2.V4\Tyuiu.BotterVV.Sprint3.Task2.V4.csproj", "{BA57DC6C-A358-4CCC-B59E-AB4739D4041D}"
EndProject
Project("{FAE04EC0-301F-11D3-BF4B-00C04F79EFBC}") = "Tyuiu.BotterVV.Sprint3.Task2.V4.Lib", "Tyuiu.BotterVV.Sprint3.Task2.V4.Lib\Tyuiu.BotterVV.Sprint3.Task2.V4.Lib.csproj", "{7A2138B0-BA35-4FD1-96E3-3E92F242BD92}"
EndProject
Project("{FAE04EC0-301F-11D3-BF4B-00C04F79EFBC}") = "Tyuiu.BotterVV.Sprint3.Task2.V4.Test", "Tyuiu.BotterVV.Sprint3.Task2.V4.Test\Tyuiu.BotterVV.Sprint3.Task2.V4.Test.csproj", "{3B2E354D-9CB5-41E1-BD68-247F25848B25}"
EndProject
Project("{2150E333-8FDC-42A3-9474-1A3956D46DE8}") = "Task3", "Task3", "{FA4987DF-A750-4845-BDEB-CD6A067281A5}"
EndProject
Project("{FAE04EC0-301F-11D3-BF4B-00C04F79EFBC}") = "Tyuiu.BotterVV.Sprint3.Task3.V12", "Tyuiu.BotterVV.Sprint3.Task3.V12\Tyuiu.BotterVV.Sprint3.Task3.V12.csproj", "{8DD3B605-DF7B-4A45-AADB-36294F2D3A55}"
EndProject
Project("{FAE04EC0-301F-11D3-BF4B-00C04F79EFBC}") = "Tyuiu.BotterVV.Sprint3.Task3.V12.Lib", "Tyuiu.BotterVV.Sprint3.Task3.V12.Lib\Tyuiu.BotterVV.Sprint3.Task3.V12.Lib.csproj", "{FEA4D0A3-3EA1-4D6E-9CCD-09EF738107C0}"
EndProject
Project("{FAE04EC0-301F-11D3-BF4B-00C04F79EFBC}") = "Tyuiu.BotterVV.Sprint3.Task3.V12.Test", "Tyuiu.BotterVV.Sprint3.Task3.V12.Test\Tyuiu.BotterVV.Sprint3.Task3.V12.Test.csproj", "{3CB48E34-E6BC-4705-B9F6-E4A0C2CE3FC6}"
EndProject
Project("{2150E333-8FDC-42A3-9474-1A3956D46DE8}") = "Task4", "Task4", "{EE7857A0-EB90-48FF-BD7F-9821A3B34A22}"
EndProject
Project("{FAE04EC0-301F-11D3-BF4B-00C04F79EFBC}") = "Tyuiu.BotterVV.Sprint3.Task4.V25", "Tyuiu.BotterVV.Sprint3.Task4.V25\Tyuiu.BotterVV.Sprint3.Task4.V25.csproj", "{7CB1A2F3-AAB2-424E-A118-8111A5F5AB7C}"
EndProject
Project("{FAE04EC0-301F-11D3-BF4B-00C04F79EFBC}") = "Tyuiu.BotterVV.Sprint3.Task4.V25.Test", "Tyuiu.BotterVV.Sprint3.Task4.V25.Test\Tyuiu.BotterVV.Sprint3.Task4.V25.Test.csproj", "{0ED92603-9D76-456C-A982-1F220F5B005F}"
EndProject
Project("{FAE04EC0-301F-11D3-BF4B-00C04F79EFBC}") = "Tyuiu.BotterVV.Sprint3.Task4.V25.Lib", "Tyuiu.BotterVV.Sprint3.Task4.V25.Lib\Tyuiu.BotterVV.Sprint3.Task4.V25.Lib.csproj", "{C6EA1F7E-7AB5-4B5E-9802-6CEA20284F98}"
EndProject
Project("{2150E333-8FDC-42A3-9474-1A3956D46DE8}") = "Task5", "Task5", "{8AA46137-D20F-4206-9E08-193B8B14253D}"
EndProject
Project("{FAE04EC0-301F-11D3-BF4B-00C04F79EFBC}") = "Tyuiu.BotterVV.Sprint3.Task5.V13", "Tyuiu.BotterVV.Sprint3.Task5.V13\Tyuiu.BotterVV.Sprint3.Task5.V13.csproj", "{7A216C0D-0D2E-4F5B-B777-5981F622E63C}"
EndProject
Project("{FAE04EC0-301F-11D3-BF4B-00C04F79EFBC}") = "Tyuiu.BotterVV.Sprint3.Task5.V13.Lib", "Tyuiu.BotterVV.Sprint3.Task5.V13.Lib\Tyuiu.BotterVV.Sprint3.Task5.V13.Lib.csproj", "{1664E7FA-99FB-457D-9F8B-0666A0CC3735}"
EndProject
Project("{FAE04EC0-301F-11D3-BF4B-00C04F79EFBC}") = "Tyuiu.BotterVV.Sprint3.Task5.V13.Test", "Tyuiu.BotterVV.Sprint3.Task5.V13.Test\Tyuiu.BotterVV.Sprint3.Task5.V13.Test.csproj", "{92805632-38D6-4213-9095-C6AFF64A90BA}"
EndProject
Global
	GlobalSection(SolutionConfigurationPlatforms) = preSolution
		Debug|Any CPU = Debug|Any CPU
		Release|Any CPU = Release|Any CPU
	EndGlobalSection
	GlobalSection(ProjectConfigurationPlatforms) = postSolution
		{A8A8AE09-E0CD-425C-8B1C-29F9C2436771}.Debug|Any CPU.ActiveCfg = Debug|Any CPU
		{A8A8AE09-E0CD-425C-8B1C-29F9C2436771}.Debug|Any CPU.Build.0 = Debug|Any CPU
		{A8A8AE09-E0CD-425C-8B1C-29F9C2436771}.Release|Any CPU.ActiveCfg = Release|Any CPU
		{A8A8AE09-E0CD-425C-8B1C-29F9C2436771}.Release|Any CPU.Build.0 = Release|Any CPU
		{2EEC2D23-4A71-4DDE-AE82-8E903E0D8EF3}.Debug|Any CPU.ActiveCfg = Debug|Any CPU
		{2EEC2D23-4A71-4DDE-AE82-8E903E0D8EF3}.Debug|Any CPU.Build.0 = Debug|Any CPU
		{2EEC2D23-4A71-4DDE-AE82-8E903E0D8EF3}.Release|Any CPU.ActiveCfg = Release|Any CPU
		{2EEC2D23-4A71-4DDE-AE82-8E903E0D8EF3}.Release|Any CPU.Build.0 = Release|Any CPU
		{91BC392E-EF15-4442-AE35-12811515B609}.Debug|Any CPU.ActiveCfg = Debug|Any CPU
		{91BC392E-EF15-4442-AE35-12811515B609}.Debug|Any CPU.Build.0 = Debug|Any CPU
		{91BC392E-EF15-4442-AE35-12811515B609}.Release|Any CPU.ActiveCfg = Release|Any CPU
		{91BC392E-EF15-4442-AE35-12811515B609}.Release|Any CPU.Build.0 = Release|Any CPU
		{FAD9391C-08F9-4EF2-8AA5-28D82F3A1146}.Debug|Any CPU.ActiveCfg = Debug|Any CPU
		{FAD9391C-08F9-4EF2-8AA5-28D82F3A1146}.Debug|Any CPU.Build.0 = Debug|Any CPU
		{FAD9391C-08F9-4EF2-8AA5-28D82F3A1146}.Release|Any CPU.ActiveCfg = Release|Any CPU
		{FAD9391C-08F9-4EF2-8AA5-28D82F3A1146}.Release|Any CPU.Build.0 = Release|Any CPU
		{FE3BFF7C-6A77-44A0-968F-47A364FBB198}.Debug|Any CPU.ActiveCfg = Debug|Any CPU
		{FE3BFF7C-6A77-44A0-968F-47A364FBB198}.Debug|Any CPU.Build.0 = Debug|Any CPU
		{FE3BFF7C-6A77-44A0-968F-47A364FBB198}.Release|Any CPU.ActiveCfg = Release|Any CPU
		{FE3BFF7C-6A77-44A0-968F-47A364FBB198}.Release|Any CPU.Build.0 = Release|Any CPU
		{0095ECBF-1A9D-4CF1-A397-A4FA5EBC579A}.Debug|Any CPU.ActiveCfg = Debug|Any CPU
		{0095ECBF-1A9D-4CF1-A397-A4FA5EBC579A}.Debug|Any CPU.Build.0 = Debug|Any CPU
		{0095ECBF-1A9D-4CF1-A397-A4FA5EBC579A}.Release|Any CPU.ActiveCfg = Release|Any CPU
		{0095ECBF-1A9D-4CF1-A397-A4FA5EBC579A}.Release|Any CPU.Build.0 = Release|Any CPU
		{BA57DC6C-A358-4CCC-B59E-AB4739D4041D}.Debug|Any CPU.ActiveCfg = Debug|Any CPU
		{BA57DC6C-A358-4CCC-B59E-AB4739D4041D}.Debug|Any CPU.Build.0 = Debug|Any CPU
		{BA57DC6C-A358-4CCC-B59E-AB4739D4041D}.Release|Any CPU.ActiveCfg = Release|Any CPU
		{BA57DC6C-A358-4CCC-B59E-AB4739D4041D}.Release|Any CPU.Build.0 = Release|Any CPU
		{7A2138B0-BA35-4FD1-96E3-3E92F242BD92}.Debug|Any CPU.ActiveCfg = Debug|Any CPU
		{7A2138B0-BA35-4FD1-96E3-3E92F242BD92}.Debug|Any CPU.Build.0 = Debug|Any CPU
		{7A2138B0-BA35-4FD1-96E3-3E92F242BD92}.Release|Any CPU.ActiveCfg = Release|Any CPU
		{7A2138B0-BA35-4FD1-96E3-3E92F242BD92}.Release|Any CPU.Build.0 = Release|Any CPU
		{3B2E354D-9CB5-41E1-BD68-247F25848B25}.Debug|Any CPU.ActiveCfg = Debug|Any CPU
		{3B2E354D-9CB5-41E1-BD68-247F25848B25}.Debug|Any CPU.Build.0 = Debug|Any CPU
		{3B2E354D-9CB5-41E1-BD68-247F25848B25}.Release|Any CPU.ActiveCfg = Release|Any CPU
		{3B2E354D-9CB5-41E1-BD68-247F25848B25}.Release|Any CPU.Build.0 = Release|Any CPU
		{8DD3B605-DF7B-4A45-AADB-36294F2D3A55}.Debug|Any CPU.ActiveCfg = Debug|Any CPU
		{8DD3B605-DF7B-4A45-AADB-36294F2D3A55}.Debug|Any CPU.Build.0 = Debug|Any CPU
		{8DD3B605-DF7B-4A45-AADB-36294F2D3A55}.Release|Any CPU.ActiveCfg = Release|Any CPU
		{8DD3B605-DF7B-4A45-AADB-36294F2D3A55}.Release|Any CPU.Build.0 = Release|Any CPU
		{FEA4D0A3-3EA1-4D6E-9CCD-09EF738107C0}.Debug|Any CPU.ActiveCfg = Debug|Any CPU
		{FEA4D0A3-3EA1-4D6E-9CCD-09EF738107C0}.Debug|Any CPU.Build.0 = Debug|Any CPU
		{FEA4D0A3-3EA1-4D6E-9CCD-09EF738107C0}.Release|Any CPU.ActiveCfg = Release|Any CPU
		{FEA4D0A3-3EA1-4D6E-9CCD-09EF738107C0}.Release|Any CPU.Build.0 = Release|Any CPU
		{3CB48E34-E6BC-4705-B9F6-E4A0C2CE3FC6}.Debug|Any CPU.ActiveCfg = Debug|Any CPU
		{3CB48E34-E6BC-4705-B9F6-E4A0C2CE3FC6}.Debug|Any CPU.Build.0 = Debug|Any CPU
		{3CB48E34-E6BC-4705-B9F6-E4A0C2CE3FC6}.Release|Any CPU.ActiveCfg = Release|Any CPU
		{3CB48E34-E6BC-4705-B9F6-E4A0C2CE3FC6}.Release|Any CPU.Build.0 = Release|Any CPU
		{7CB1A2F3-AAB2-424E-A118-8111A5F5AB7C}.Debug|Any CPU.ActiveCfg = Debug|Any CPU
		{7CB1A2F3-AAB2-424E-A118-8111A5F5AB7C}.Debug|Any CPU.Build.0 = Debug|Any CPU
		{7CB1A2F3-AAB2-424E-A118-8111A5F5AB7C}.Release|Any CPU.ActiveCfg = Release|Any CPU
		{7CB1A2F3-AAB2-424E-A118-8111A5F5AB7C}.Release|Any CPU.Build.0 = Release|Any CPU
		{0ED92603-9D76-456C-A982-1F220F5B005F}.Debug|Any CPU.ActiveCfg = Debug|Any CPU
		{0ED92603-9D76-456C-A982-1F220F5B005F}.Debug|Any CPU.Build.0 = Debug|Any CPU
		{0ED92603-9D76-456C-A982-1F220F5B005F}.Release|Any CPU.ActiveCfg = Release|Any CPU
		{0ED92603-9D76-456C-A982-1F220F5B005F}.Release|Any CPU.Build.0 = Release|Any CPU
		{C6EA1F7E-7AB5-4B5E-9802-6CEA20284F98}.Debug|Any CPU.ActiveCfg = Debug|Any CPU
		{C6EA1F7E-7AB5-4B5E-9802-6CEA20284F98}.Debug|Any CPU.Build.0 = Debug|Any CPU
		{C6EA1F7E-7AB5-4B5E-9802-6CEA20284F98}.Release|Any CPU.ActiveCfg = Release|Any CPU
		{C6EA1F7E-7AB5-4B5E-9802-6CEA20284F98}.Release|Any CPU.Build.0 = Release|Any CPU
		{7A216C0D-0D2E-4F5B-B777-5981F622E63C}.Debug|Any CPU.ActiveCfg = Debug|Any CPU
		{7A216C0D-0D2E-4F5B-B777-5981F622E63C}.Debug|Any CPU.Build.0 = Debug|Any CPU
		{7A216C0D-0D2E-4F5B-B777-5981F622E63C}.Release|Any CPU.ActiveCfg = Release|Any CPU
		{7A216C0D-0D2E-4F5B-B777-5981F622E63C}.Release|Any CPU.Build.0 = Release|Any CPU
		{1664E7FA-99FB-457D-9F8B-0666A0CC3735}.Debug|Any CPU.ActiveCfg = Debug|Any CPU
		{1664E7FA-99FB-457D-9F8B-0666A0CC3735}.Debug|Any CPU.Build.0 = Debug|Any CPU
		{1664E7FA-99FB-457D-9F8B-0666A0CC3735}.Release|Any CPU.ActiveCfg = Release|Any CPU
		{1664E7FA-99FB-457D-9F8B-0666A0CC3735}.Release|Any CPU.Build.0 = Release|Any CPU
		{92805632-38D6-4213-9095-C6AFF64A90BA}.Debug|Any CPU.ActiveCfg = Debug|Any CPU
		{92805632-38D6-4213-9095-C6AFF64A90BA}.Debug|Any CPU.Build.0 = Debug|Any CPU
		{92805632-38D6-4213-9095-C6AFF64A90BA}.Release|Any CPU.ActiveCfg = Release|Any CPU
		{92805632-38D6-4213-9095-C6AFF64A90BA}.Release|Any CPU.Build.0 = Release|Any CPU
	EndGlobalSection
	GlobalSection(SolutionProperties) = preSolution
		HideSolutionNode = FALSE
	EndGlobalSection
	GlobalSection(NestedProjects) = preSolution
		{A8A8AE09-E0CD-425C-8B1C-29F9C2436771} = {8B913CC7-3CC7-49FD-A2AD-C291126B8EA9}
		{2EEC2D23-4A71-4DDE-AE82-8E903E0D8EF3} = {8B913CC7-3CC7-49FD-A2AD-C291126B8EA9}
		{91BC392E-EF15-4442-AE35-12811515B609} = {8B913CC7-3CC7-49FD-A2AD-C291126B8EA9}
		{FAD9391C-08F9-4EF2-8AA5-28D82F3A1146} = {F600E925-F743-451F-9588-71AB255AE5C3}
		{FE3BFF7C-6A77-44A0-968F-47A364FBB198} = {F600E925-F743-451F-9588-71AB255AE5C3}
		{0095ECBF-1A9D-4CF1-A397-A4FA5EBC579A} = {F600E925-F743-451F-9588-71AB255AE5C3}
		{BA57DC6C-A358-4CCC-B59E-AB4739D4041D} = {CF2B0EF6-671A-4EEF-B3E8-5D2AA6439F15}
		{7A2138B0-BA35-4FD1-96E3-3E92F242BD92} = {CF2B0EF6-671A-4EEF-B3E8-5D2AA6439F15}
		{3B2E354D-9CB5-41E1-BD68-247F25848B25} = {CF2B0EF6-671A-4EEF-B3E8-5D2AA6439F15}
		{8DD3B605-DF7B-4A45-AADB-36294F2D3A55} = {FA4987DF-A750-4845-BDEB-CD6A067281A5}
		{FEA4D0A3-3EA1-4D6E-9CCD-09EF738107C0} = {FA4987DF-A750-4845-BDEB-CD6A067281A5}
		{3CB48E34-E6BC-4705-B9F6-E4A0C2CE3FC6} = {FA4987DF-A750-4845-BDEB-CD6A067281A5}
		{7CB1A2F3-AAB2-424E-A118-8111A5F5AB7C} = {EE7857A0-EB90-48FF-BD7F-9821A3B34A22}
		{0ED92603-9D76-456C-A982-1F220F5B005F} = {EE7857A0-EB90-48FF-BD7F-9821A3B34A22}
		{C6EA1F7E-7AB5-4B5E-9802-6CEA20284F98} = {EE7857A0-EB90-48FF-BD7F-9821A3B34A22}
		{7A216C0D-0D2E-4F5B-B777-5981F622E63C} = {8AA46137-D20F-4206-9E08-193B8B14253D}
		{1664E7FA-99FB-457D-9F8B-0666A0CC3735} = {8AA46137-D20F-4206-9E08-193B8B14253D}
		{92805632-38D6-4213-9095-C6AFF64A90BA} = {8AA46137-D20F-4206-9E08-193B8B14253D}
	EndGlobalSection
	GlobalSection(ExtensibilityGlobals) = postSolution
		SolutionGuid = {7389B89D-F4F4-4710-BF38-A93196A7DBB7}
	EndGlobalSection
EndGlobal
